// !$*UTF8*$!
{
	archiveVersion = 1;
	classes = {
	};
	objectVersion = 56;
	objects = {

/* Begin PBXBuildFile section */
		019E099410114AC77801000F /* Pods_ArquiteturaApp.framework in Frameworks */ = {isa = PBXBuildFile; fileRef = DC403EFC7D3FFF5565FCD2A5 /* Pods_ArquiteturaApp.framework */; };
		F358C7682B49AD5C00AB0AF4 /* AppDelegate.swift in Sources */ = {isa = PBXBuildFile; fileRef = F358C7672B49AD5C00AB0AF4 /* AppDelegate.swift */; };
		F358C76A2B49AD5C00AB0AF4 /* SceneDelegate.swift in Sources */ = {isa = PBXBuildFile; fileRef = F358C7692B49AD5C00AB0AF4 /* SceneDelegate.swift */; };
		F358C76C2B49AD5C00AB0AF4 /* ViewController.swift in Sources */ = {isa = PBXBuildFile; fileRef = F358C76B2B49AD5C00AB0AF4 /* ViewController.swift */; };
		F358C7712B49AD5D00AB0AF4 /* Assets.xcassets in Resources */ = {isa = PBXBuildFile; fileRef = F358C7702B49AD5D00AB0AF4 /* Assets.xcassets */; };
		F358C7742B49AD5D00AB0AF4 /* LaunchScreen.storyboard in Resources */ = {isa = PBXBuildFile; fileRef = F358C7722B49AD5D00AB0AF4 /* LaunchScreen.storyboard */; };
		F358C77F2B49AE3000AB0AF4 /* FirebaseAnalytics in Frameworks */ = {isa = PBXBuildFile; productRef = F358C77E2B49AE3000AB0AF4 /* FirebaseAnalytics */; };
		F358C7812B49AE3000AB0AF4 /* FirebaseAuth in Frameworks */ = {isa = PBXBuildFile; productRef = F358C7802B49AE3000AB0AF4 /* FirebaseAuth */; };
		F358C7832B49AE3000AB0AF4 /* FirebaseCrashlytics in Frameworks */ = {isa = PBXBuildFile; productRef = F358C7822B49AE3000AB0AF4 /* FirebaseCrashlytics */; };
		F358C7852B49AE3000AB0AF4 /* FirebaseDatabase in Frameworks */ = {isa = PBXBuildFile; productRef = F358C7842B49AE3000AB0AF4 /* FirebaseDatabase */; };
		F358C7872B49AE3000AB0AF4 /* FirebaseDatabaseSwift in Frameworks */ = {isa = PBXBuildFile; productRef = F358C7862B49AE3000AB0AF4 /* FirebaseDatabaseSwift */; };
		F358C7892B49AE3000AB0AF4 /* FirebaseFirestore in Frameworks */ = {isa = PBXBuildFile; productRef = F358C7882B49AE3000AB0AF4 /* FirebaseFirestore */; };
		F358C78B2B49AE3000AB0AF4 /* FirebaseStorage in Frameworks */ = {isa = PBXBuildFile; productRef = F358C78A2B49AE3000AB0AF4 /* FirebaseStorage */; };
		F358C7962B4A092D00AB0AF4 /* UserProvider.swift in Sources */ = {isa = PBXBuildFile; fileRef = F358C7952B4A092C00AB0AF4 /* UserProvider.swift */; };
		F358C7972B4A0CB400AB0AF4 /* GoogleService-Info.plist in Sources */ = {isa = PBXBuildFile; fileRef = F358C7942B4A05FF00AB0AF4 /* GoogleService-Info.plist */; };
		F358C79A2B4A128E00AB0AF4 /* UserModel.swift in Sources */ = {isa = PBXBuildFile; fileRef = F358C7992B4A128E00AB0AF4 /* UserModel.swift */; };
		F3AD920B2B4B356200B98E61 /* Constants.swift in Sources */ = {isa = PBXBuildFile; fileRef = F3AD920A2B4B356200B98E61 /* Constants.swift */; };
/* End PBXBuildFile section */

/* Begin PBXFileReference section */
		4818B1164E0CAA423CE41F7E /* Pods-ArquiteturaApp.debug.xcconfig */ = {isa = PBXFileReference; includeInIndex = 1; lastKnownFileType = text.xcconfig; name = "Pods-ArquiteturaApp.debug.xcconfig"; path = "Target Support Files/Pods-ArquiteturaApp/Pods-ArquiteturaApp.debug.xcconfig"; sourceTree = "<group>"; };
		4E3CE74B3B4C318F5E0F3485 /* Pods-ArquiteturaApp.release.xcconfig */ = {isa = PBXFileReference; includeInIndex = 1; lastKnownFileType = text.xcconfig; name = "Pods-ArquiteturaApp.release.xcconfig"; path = "Target Support Files/Pods-ArquiteturaApp/Pods-ArquiteturaApp.release.xcconfig"; sourceTree = "<group>"; };
		DC403EFC7D3FFF5565FCD2A5 /* Pods_ArquiteturaApp.framework */ = {isa = PBXFileReference; explicitFileType = wrapper.framework; includeInIndex = 0; path = Pods_ArquiteturaApp.framework; sourceTree = BUILT_PRODUCTS_DIR; };
		F358C7642B49AD5C00AB0AF4 /* ArquiteturaApp.app */ = {isa = PBXFileReference; explicitFileType = wrapper.application; includeInIndex = 0; path = ArquiteturaApp.app; sourceTree = BUILT_PRODUCTS_DIR; };
		F358C7672B49AD5C00AB0AF4 /* AppDelegate.swift */ = {isa = PBXFileReference; lastKnownFileType = sourcecode.swift; path = AppDelegate.swift; sourceTree = "<group>"; };
		F358C7692B49AD5C00AB0AF4 /* SceneDelegate.swift */ = {isa = PBXFileReference; lastKnownFileType = sourcecode.swift; path = SceneDelegate.swift; sourceTree = "<group>"; };
		F358C76B2B49AD5C00AB0AF4 /* ViewController.swift */ = {isa = PBXFileReference; lastKnownFileType = sourcecode.swift; path = ViewController.swift; sourceTree = "<group>"; };
		F358C7702B49AD5D00AB0AF4 /* Assets.xcassets */ = {isa = PBXFileReference; lastKnownFileType = folder.assetcatalog; path = Assets.xcassets; sourceTree = "<group>"; };
		F358C7732B49AD5D00AB0AF4 /* Base */ = {isa = PBXFileReference; lastKnownFileType = file.storyboard; name = Base; path = Base.lproj/LaunchScreen.storyboard; sourceTree = "<group>"; };
		F358C7752B49AD5D00AB0AF4 /* Info.plist */ = {isa = PBXFileReference; lastKnownFileType = text.plist.xml; path = Info.plist; sourceTree = "<group>"; };
		F358C7942B4A05FF00AB0AF4 /* GoogleService-Info.plist */ = {isa = PBXFileReference; lastKnownFileType = text.plist.xml; path = "GoogleService-Info.plist"; sourceTree = "<group>"; };
		F358C7952B4A092C00AB0AF4 /* UserProvider.swift */ = {isa = PBXFileReference; lastKnownFileType = sourcecode.swift; path = UserProvider.swift; sourceTree = "<group>"; };
		F358C7992B4A128E00AB0AF4 /* UserModel.swift */ = {isa = PBXFileReference; lastKnownFileType = sourcecode.swift; path = UserModel.swift; sourceTree = "<group>"; };
		F3AD920A2B4B356200B98E61 /* Constants.swift */ = {isa = PBXFileReference; lastKnownFileType = sourcecode.swift; path = Constants.swift; sourceTree = "<group>"; };
/* End PBXFileReference section */

/* Begin PBXFrameworksBuildPhase section */
		F358C7612B49AD5C00AB0AF4 /* Frameworks */ = {
			isa = PBXFrameworksBuildPhase;
			buildActionMask = 2147483647;
			files = (
				F358C7872B49AE3000AB0AF4 /* FirebaseDatabaseSwift in Frameworks */,
				F358C7832B49AE3000AB0AF4 /* FirebaseCrashlytics in Frameworks */,
				F358C77F2B49AE3000AB0AF4 /* FirebaseAnalytics in Frameworks */,
				F358C7852B49AE3000AB0AF4 /* FirebaseDatabase in Frameworks */,
				F358C78B2B49AE3000AB0AF4 /* FirebaseStorage in Frameworks */,
				F358C7812B49AE3000AB0AF4 /* FirebaseAuth in Frameworks */,
				F358C7892B49AE3000AB0AF4 /* FirebaseFirestore in Frameworks */,
				019E099410114AC77801000F /* Pods_ArquiteturaApp.framework in Frameworks */,
			);
			runOnlyForDeploymentPostprocessing = 0;
		};
/* End PBXFrameworksBuildPhase section */

/* Begin PBXGroup section */
		111665564DC206A5D46E3B25 /* Pods */ = {
			isa = PBXGroup;
			children = (
				4818B1164E0CAA423CE41F7E /* Pods-ArquiteturaApp.debug.xcconfig */,
				4E3CE74B3B4C318F5E0F3485 /* Pods-ArquiteturaApp.release.xcconfig */,
			);
			path = Pods;
			sourceTree = "<group>";
		};
		969CABEE1DACE5DA01CFAD24 /* Frameworks */ = {
			isa = PBXGroup;
			children = (
				DC403EFC7D3FFF5565FCD2A5 /* Pods_ArquiteturaApp.framework */,
			);
			name = Frameworks;
			sourceTree = "<group>";
		};
		F358C75B2B49AD5C00AB0AF4 = {
			isa = PBXGroup;
			children = (
				F358C7662B49AD5C00AB0AF4 /* ArquiteturaApp */,
				F358C7942B4A05FF00AB0AF4 /* GoogleService-Info.plist */,
				F358C7652B49AD5C00AB0AF4 /* Products */,
				111665564DC206A5D46E3B25 /* Pods */,
				969CABEE1DACE5DA01CFAD24 /* Frameworks */,
			);
			sourceTree = "<group>";
		};
		F358C7652B49AD5C00AB0AF4 /* Products */ = {
			isa = PBXGroup;
			children = (
				F358C7642B49AD5C00AB0AF4 /* ArquiteturaApp.app */,
			);
			name = Products;
			sourceTree = "<group>";
		};
		F358C7662B49AD5C00AB0AF4 /* ArquiteturaApp */ = {
			isa = PBXGroup;
			children = (
				F3AD92092B4B34A300B98E61 /* Infraestructure */,
				F358C76B2B49AD5C00AB0AF4 /* ViewController.swift */,
				F358C7912B49F94500AB0AF4 /* API */,
				F358C78C2B49F6E400AB0AF4 /* Aplication */,
				F358C78D2B49F70100AB0AF4 /* Assets */,
				F358C7752B49AD5D00AB0AF4 /* Info.plist */,
			);
			path = ArquiteturaApp;
			sourceTree = "<group>";
		};
		F358C78C2B49F6E400AB0AF4 /* Aplication */ = {
			isa = PBXGroup;
			children = (
				F358C7722B49AD5D00AB0AF4 /* LaunchScreen.storyboard */,
				F358C7672B49AD5C00AB0AF4 /* AppDelegate.swift */,
				F358C7692B49AD5C00AB0AF4 /* SceneDelegate.swift */,
			);
			path = Aplication;
			sourceTree = "<group>";
		};
		F358C78D2B49F70100AB0AF4 /* Assets */ = {
			isa = PBXGroup;
			children = (
				F358C7702B49AD5D00AB0AF4 /* Assets.xcassets */,
			);
			path = Assets;
			sourceTree = "<group>";
		};
		F358C78E2B49F90A00AB0AF4 /* Provider */ = {
			isa = PBXGroup;
			children = (
				F358C7952B4A092C00AB0AF4 /* UserProvider.swift */,
			);
			path = Provider;
			sourceTree = "<group>";
		};
		F358C78F2B49F92600AB0AF4 /* Manager */ = {
			isa = PBXGroup;
			children = (
			);
			path = Manager;
			sourceTree = "<group>";
		};
		F358C7902B49F93200AB0AF4 /* Business */ = {
			isa = PBXGroup;
			children = (
			);
			path = Business;
			sourceTree = "<group>";
		};
		F358C7912B49F94500AB0AF4 /* API */ = {
			isa = PBXGroup;
			children = (
				F358C7982B4A128700AB0AF4 /* Model */,
				F358C78E2B49F90A00AB0AF4 /* Provider */,
				F358C78F2B49F92600AB0AF4 /* Manager */,
				F358C7902B49F93200AB0AF4 /* Business */,
			);
			path = API;
			sourceTree = "<group>";
		};
		F358C7982B4A128700AB0AF4 /* Model */ = {
			isa = PBXGroup;
			children = (
				F358C7992B4A128E00AB0AF4 /* UserModel.swift */,
			);
			path = Model;
			sourceTree = "<group>";
		};
		F3AD92092B4B34A300B98E61 /* Infraestructure */ = {
			isa = PBXGroup;
			children = (
				F3AD920A2B4B356200B98E61 /* Constants.swift */,
			);
			path = Infraestructure;
			sourceTree = "<group>";
		};
/* End PBXGroup section */

/* Begin PBXNativeTarget section */
		F358C7632B49AD5C00AB0AF4 /* ArquiteturaApp */ = {
			isa = PBXNativeTarget;
			buildConfigurationList = F358C7782B49AD5D00AB0AF4 /* Build configuration list for PBXNativeTarget "ArquiteturaApp" */;
			buildPhases = (
				D012B772DC59BED8E08C5A4F /* [CP] Check Pods Manifest.lock */,
				F358C7602B49AD5C00AB0AF4 /* Sources */,
				F358C7612B49AD5C00AB0AF4 /* Frameworks */,
				F358C7622B49AD5C00AB0AF4 /* Resources */,
			);
			buildRules = (
			);
			dependencies = (
			);
			name = ArquiteturaApp;
			packageProductDependencies = (
				F358C77E2B49AE3000AB0AF4 /* FirebaseAnalytics */,
				F358C7802B49AE3000AB0AF4 /* FirebaseAuth */,
				F358C7822B49AE3000AB0AF4 /* FirebaseCrashlytics */,
				F358C7842B49AE3000AB0AF4 /* FirebaseDatabase */,
				F358C7862B49AE3000AB0AF4 /* FirebaseDatabaseSwift */,
				F358C7882B49AE3000AB0AF4 /* FirebaseFirestore */,
				F358C78A2B49AE3000AB0AF4 /* FirebaseStorage */,
			);
			productName = ArquiteturaApp;
			productReference = F358C7642B49AD5C00AB0AF4 /* ArquiteturaApp.app */;
			productType = "com.apple.product-type.application";
		};
/* End PBXNativeTarget section */

/* Begin PBXProject section */
		F358C75C2B49AD5C00AB0AF4 /* Project object */ = {
			isa = PBXProject;
			attributes = {
				BuildIndependentTargetsInParallel = 1;
				LastSwiftUpdateCheck = 1510;
				LastUpgradeCheck = 1510;
				TargetAttributes = {
					F358C7632B49AD5C00AB0AF4 = {
						CreatedOnToolsVersion = 15.1;
					};
				};
			};
			buildConfigurationList = F358C75F2B49AD5C00AB0AF4 /* Build configuration list for PBXProject "ArquiteturaApp" */;
			compatibilityVersion = "Xcode 14.0";
			developmentRegion = en;
			hasScannedForEncodings = 0;
			knownRegions = (
				en,
				Base,
			);
			mainGroup = F358C75B2B49AD5C00AB0AF4;
			packageReferences = (
				F358C77D2B49AE3000AB0AF4 /* XCRemoteSwiftPackageReference "firebase-ios-sdk" */,
			);
			productRefGroup = F358C7652B49AD5C00AB0AF4 /* Products */;
			projectDirPath = "";
			projectRoot = "";
			targets = (
				F358C7632B49AD5C00AB0AF4 /* ArquiteturaApp */,
			);
		};
/* End PBXProject section */

/* Begin PBXResourcesBuildPhase section */
		F358C7622B49AD5C00AB0AF4 /* Resources */ = {
			isa = PBXResourcesBuildPhase;
			buildActionMask = 2147483647;
			files = (
				F358C7742B49AD5D00AB0AF4 /* LaunchScreen.storyboard in Resources */,
				F358C7712B49AD5D00AB0AF4 /* Assets.xcassets in Resources */,
			);
			runOnlyForDeploymentPostprocessing = 0;
		};
/* End PBXResourcesBuildPhase section */

/* Begin PBXShellScriptBuildPhase section */
		D012B772DC59BED8E08C5A4F /* [CP] Check Pods Manifest.lock */ = {
			isa = PBXShellScriptBuildPhase;
			buildActionMask = 2147483647;
			files = (
			);
			inputFileListPaths = (
			);
			inputPaths = (
				"${PODS_PODFILE_DIR_PATH}/Podfile.lock",
				"${PODS_ROOT}/Manifest.lock",
			);
			name = "[CP] Check Pods Manifest.lock";
			outputFileListPaths = (
			);
			outputPaths = (
				"$(DERIVED_FILE_DIR)/Pods-ArquiteturaApp-checkManifestLockResult.txt",
			);
			runOnlyForDeploymentPostprocessing = 0;
			shellPath = /bin/sh;
			shellScript = "diff \"${PODS_PODFILE_DIR_PATH}/Podfile.lock\" \"${PODS_ROOT}/Manifest.lock\" > /dev/null\nif [ $? != 0 ] ; then\n    # print error to STDERR\n    echo \"error: The sandbox is not in sync with the Podfile.lock. Run 'pod install' or update your CocoaPods installation.\" >&2\n    exit 1\nfi\n# This output is used by Xcode 'outputs' to avoid re-running this script phase.\necho \"SUCCESS\" > \"${SCRIPT_OUTPUT_FILE_0}\"\n";
			showEnvVarsInLog = 0;
		};
/* End PBXShellScriptBuildPhase section */

/* Begin PBXSourcesBuildPhase section */
		F358C7602B49AD5C00AB0AF4 /* Sources */ = {
			isa = PBXSourcesBuildPhase;
			buildActionMask = 2147483647;
			files = (
				F358C7972B4A0CB400AB0AF4 /* GoogleService-Info.plist in Sources */,
				F358C76C2B49AD5C00AB0AF4 /* ViewController.swift in Sources */,
				F358C7682B49AD5C00AB0AF4 /* AppDelegate.swift in Sources */,
				F358C76A2B49AD5C00AB0AF4 /* SceneDelegate.swift in Sources */,
				F3AD920B2B4B356200B98E61 /* Constants.swift in Sources */,
				F358C79A2B4A128E00AB0AF4 /* UserModel.swift in Sources */,
				F358C7962B4A092D00AB0AF4 /* UserProvider.swift in Sources */,
			);
			runOnlyForDeploymentPostprocessing = 0;
		};
/* End PBXSourcesBuildPhase section */

/* Begin PBXVariantGroup section */
		F358C7722B49AD5D00AB0AF4 /* LaunchScreen.storyboard */ = {
			isa = PBXVariantGroup;
			children = (
				F358C7732B49AD5D00AB0AF4 /* Base */,
			);
			name = LaunchScreen.storyboard;
			sourceTree = "<group>";
		};
/* End PBXVariantGroup section */

/* Begin XCBuildConfiguration section */
		F358C7762B49AD5D00AB0AF4 /* Debug */ = {
			isa = XCBuildConfiguration;
			buildSettings = {
				ALWAYS_SEARCH_USER_PATHS = NO;
				ASSETCATALOG_COMPILER_GENERATE_SWIFT_ASSET_SYMBOL_EXTENSIONS = YES;
				CLANG_ANALYZER_NONNULL = YES;
				CLANG_ANALYZER_NUMBER_OBJECT_CONVERSION = YES_AGGRESSIVE;
				CLANG_CXX_LANGUAGE_STANDARD = "gnu++20";
				CLANG_ENABLE_MODULES = YES;
				CLANG_ENABLE_OBJC_ARC = YES;
				CLANG_ENABLE_OBJC_WEAK = YES;
				CLANG_WARN_BLOCK_CAPTURE_AUTORELEASING = YES;
				CLANG_WARN_BOOL_CONVERSION = YES;
				CLANG_WARN_COMMA = YES;
				CLANG_WARN_CONSTANT_CONVERSION = YES;
				CLANG_WARN_DEPRECATED_OBJC_IMPLEMENTATIONS = YES;
				CLANG_WARN_DIRECT_OBJC_ISA_USAGE = YES_ERROR;
				CLANG_WARN_DOCUMENTATION_COMMENTS = YES;
				CLANG_WARN_EMPTY_BODY = YES;
				CLANG_WARN_ENUM_CONVERSION = YES;
				CLANG_WARN_INFINITE_RECURSION = YES;
				CLANG_WARN_INT_CONVERSION = YES;
				CLANG_WARN_NON_LITERAL_NULL_CONVERSION = YES;
				CLANG_WARN_OBJC_IMPLICIT_RETAIN_SELF = YES;
				CLANG_WARN_OBJC_LITERAL_CONVERSION = YES;
				CLANG_WARN_OBJC_ROOT_CLASS = YES_ERROR;
				CLANG_WARN_QUOTED_INCLUDE_IN_FRAMEWORK_HEADER = YES;
				CLANG_WARN_RANGE_LOOP_ANALYSIS = YES;
				CLANG_WARN_STRICT_PROTOTYPES = YES;
				CLANG_WARN_SUSPICIOUS_MOVE = YES;
				CLANG_WARN_UNGUARDED_AVAILABILITY = YES_AGGRESSIVE;
				CLANG_WARN_UNREACHABLE_CODE = YES;
				CLANG_WARN__DUPLICATE_METHOD_MATCH = YES;
				COPY_PHASE_STRIP = NO;
				DEBUG_INFORMATION_FORMAT = dwarf;
				ENABLE_STRICT_OBJC_MSGSEND = YES;
				ENABLE_TESTABILITY = YES;
				ENABLE_USER_SCRIPT_SANDBOXING = YES;
				GCC_C_LANGUAGE_STANDARD = gnu17;
				GCC_DYNAMIC_NO_PIC = NO;
				GCC_NO_COMMON_BLOCKS = YES;
				GCC_OPTIMIZATION_LEVEL = 0;
				GCC_PREPROCESSOR_DEFINITIONS = (
					"DEBUG=1",
					"$(inherited)",
				);
				GCC_WARN_64_TO_32_BIT_CONVERSION = YES;
				GCC_WARN_ABOUT_RETURN_TYPE = YES_ERROR;
				GCC_WARN_UNDECLARED_SELECTOR = YES;
				GCC_WARN_UNINITIALIZED_AUTOS = YES_AGGRESSIVE;
				GCC_WARN_UNUSED_FUNCTION = YES;
				GCC_WARN_UNUSED_VARIABLE = YES;
				IPHONEOS_DEPLOYMENT_TARGET = 17.2;
				LOCALIZATION_PREFERS_STRING_CATALOGS = YES;
				MTL_ENABLE_DEBUG_INFO = INCLUDE_SOURCE;
				MTL_FAST_MATH = YES;
				ONLY_ACTIVE_ARCH = YES;
				SDKROOT = iphoneos;
				SWIFT_ACTIVE_COMPILATION_CONDITIONS = "DEBUG $(inherited)";
				SWIFT_OPTIMIZATION_LEVEL = "-Onone";
			};
			name = Debug;
		};
		F358C7772B49AD5D00AB0AF4 /* Release */ = {
			isa = XCBuildConfiguration;
			buildSettings = {
				ALWAYS_SEARCH_USER_PATHS = NO;
				ASSETCATALOG_COMPILER_GENERATE_SWIFT_ASSET_SYMBOL_EXTENSIONS = YES;
				CLANG_ANALYZER_NONNULL = YES;
				CLANG_ANALYZER_NUMBER_OBJECT_CONVERSION = YES_AGGRESSIVE;
				CLANG_CXX_LANGUAGE_STANDARD = "gnu++20";
				CLANG_ENABLE_MODULES = YES;
				CLANG_ENABLE_OBJC_ARC = YES;
				CLANG_ENABLE_OBJC_WEAK = YES;
				CLANG_WARN_BLOCK_CAPTURE_AUTORELEASING = YES;
				CLANG_WARN_BOOL_CONVERSION = YES;
				CLANG_WARN_COMMA = YES;
				CLANG_WARN_CONSTANT_CONVERSION = YES;
				CLANG_WARN_DEPRECATED_OBJC_IMPLEMENTATIONS = YES;
				CLANG_WARN_DIRECT_OBJC_ISA_USAGE = YES_ERROR;
				CLANG_WARN_DOCUMENTATION_COMMENTS = YES;
				CLANG_WARN_EMPTY_BODY = YES;
				CLANG_WARN_ENUM_CONVERSION = YES;
				CLANG_WARN_INFINITE_RECURSION = YES;
				CLANG_WARN_INT_CONVERSION = YES;
				CLANG_WARN_NON_LITERAL_NULL_CONVERSION = YES;
				CLANG_WARN_OBJC_IMPLICIT_RETAIN_SELF = YES;
				CLANG_WARN_OBJC_LITERAL_CONVERSION = YES;
				CLANG_WARN_OBJC_ROOT_CLASS = YES_ERROR;
				CLANG_WARN_QUOTED_INCLUDE_IN_FRAMEWORK_HEADER = YES;
				CLANG_WARN_RANGE_LOOP_ANALYSIS = YES;
				CLANG_WARN_STRICT_PROTOTYPES = YES;
				CLANG_WARN_SUSPICIOUS_MOVE = YES;
				CLANG_WARN_UNGUARDED_AVAILABILITY = YES_AGGRESSIVE;
				CLANG_WARN_UNREACHABLE_CODE = YES;
				CLANG_WARN__DUPLICATE_METHOD_MATCH = YES;
				COPY_PHASE_STRIP = NO;
				DEBUG_INFORMATION_FORMAT = "dwarf-with-dsym";
				ENABLE_NS_ASSERTIONS = NO;
				ENABLE_STRICT_OBJC_MSGSEND = YES;
				ENABLE_USER_SCRIPT_SANDBOXING = YES;
				GCC_C_LANGUAGE_STANDARD = gnu17;
				GCC_NO_COMMON_BLOCKS = YES;
				GCC_WARN_64_TO_32_BIT_CONVERSION = YES;
				GCC_WARN_ABOUT_RETURN_TYPE = YES_ERROR;
				GCC_WARN_UNDECLARED_SELECTOR = YES;
				GCC_WARN_UNINITIALIZED_AUTOS = YES_AGGRESSIVE;
				GCC_WARN_UNUSED_FUNCTION = YES;
				GCC_WARN_UNUSED_VARIABLE = YES;
				IPHONEOS_DEPLOYMENT_TARGET = 17.2;
				LOCALIZATION_PREFERS_STRING_CATALOGS = YES;
				MTL_ENABLE_DEBUG_INFO = NO;
				MTL_FAST_MATH = YES;
				SDKROOT = iphoneos;
				SWIFT_COMPILATION_MODE = wholemodule;
				VALIDATE_PRODUCT = YES;
			};
			name = Release;
		};
		F358C7792B49AD5D00AB0AF4 /* Debug */ = {
			isa = XCBuildConfiguration;
			baseConfigurationReference = 4818B1164E0CAA423CE41F7E /* Pods-ArquiteturaApp.debug.xcconfig */;
			buildSettings = {
				ASSETCATALOG_COMPILER_APPICON_NAME = AppIcon;
				ASSETCATALOG_COMPILER_GLOBAL_ACCENT_COLOR_NAME = AccentColor;
				CODE_SIGN_STYLE = Automatic;
				CURRENT_PROJECT_VERSION = 1;
				DEVELOPMENT_TEAM = WXQ8GLHA2M;
				GENERATE_INFOPLIST_FILE = YES;
				INFOPLIST_FILE = ArquiteturaApp/Info.plist;
				INFOPLIST_KEY_UIApplicationSupportsIndirectInputEvents = YES;
				INFOPLIST_KEY_UILaunchStoryboardName = LaunchScreen;
				INFOPLIST_KEY_UISupportedInterfaceOrientations_iPad = "UIInterfaceOrientationPortrait UIInterfaceOrientationPortraitUpsideDown UIInterfaceOrientationLandscapeLeft UIInterfaceOrientationLandscapeRight";
				INFOPLIST_KEY_UISupportedInterfaceOrientations_iPhone = "UIInterfaceOrientationPortrait UIInterfaceOrientationLandscapeLeft UIInterfaceOrientationLandscapeRight";
				LD_RUNPATH_SEARCH_PATHS = (
					"$(inherited)",
					"@executable_path/Frameworks",
				);
				MARKETING_VERSION = 1.0;
				PRODUCT_BUNDLE_IDENTIFIER = com.leticiaspeda.ArquiteturaApp;
				PRODUCT_NAME = "$(TARGET_NAME)";
				SWIFT_EMIT_LOC_STRINGS = YES;
				SWIFT_VERSION = 5.0;
				TARGETED_DEVICE_FAMILY = "1,2";
			};
			name = Debug;
		};
		F358C77A2B49AD5D00AB0AF4 /* Release */ = {
			isa = XCBuildConfiguration;
			baseConfigurationReference = 4E3CE74B3B4C318F5E0F3485 /* Pods-ArquiteturaApp.release.xcconfig */;
			buildSettings = {
				ASSETCATALOG_COMPILER_APPICON_NAME = AppIcon;
				ASSETCATALOG_COMPILER_GLOBAL_ACCENT_COLOR_NAME = AccentColor;
				CODE_SIGN_STYLE = Automatic;
				CURRENT_PROJECT_VERSION = 1;
				DEVELOPMENT_TEAM = WXQ8GLHA2M;
				GENERATE_INFOPLIST_FILE = YES;
				INFOPLIST_FILE = ArquiteturaApp/Info.plist;
				INFOPLIST_KEY_UIApplicationSupportsIndirectInputEvents = YES;
				INFOPLIST_KEY_UILaunchStoryboardName = LaunchScreen;
				INFOPLIST_KEY_UISupportedInterfaceOrientations_iPad = "UIInterfaceOrientationPortrait UIInterfaceOrientationPortraitUpsideDown UIInterfaceOrientationLandscapeLeft UIInterfaceOrientationLandscapeRight";
				INFOPLIST_KEY_UISupportedInterfaceOrientations_iPhone = "UIInterfaceOrientationPortrait UIInterfaceOrientationLandscapeLeft UIInterfaceOrientationLandscapeRight";
				LD_RUNPATH_SEARCH_PATHS = (
					"$(inherited)",
					"@executable_path/Frameworks",
				);
				MARKETING_VERSION = 1.0;
				PRODUCT_BUNDLE_IDENTIFIER = com.leticiaspeda.ArquiteturaApp;
				PRODUCT_NAME = "$(TARGET_NAME)";
				SWIFT_EMIT_LOC_STRINGS = YES;
				SWIFT_VERSION = 5.0;
				TARGETED_DEVICE_FAMILY = "1,2";
			};
			name = Release;
		};
/* End XCBuildConfiguration section */

/* Begin XCConfigurationList section */
		F358C75F2B49AD5C00AB0AF4 /* Build configuration list for PBXProject "ArquiteturaApp" */ = {
			isa = XCConfigurationList;
			buildConfigurations = (
				F358C7762B49AD5D00AB0AF4 /* Debug */,
				F358C7772B49AD5D00AB0AF4 /* Release */,
			);
			defaultConfigurationIsVisible = 0;
			defaultConfigurationName = Release;
		};
		F358C7782B49AD5D00AB0AF4 /* Build configuration list for PBXNativeTarget "ArquiteturaApp" */ = {
			isa = XCConfigurationList;
			buildConfigurations = (
				F358C7792B49AD5D00AB0AF4 /* Debug */,
				F358C77A2B49AD5D00AB0AF4 /* Release */,
			);
			defaultConfigurationIsVisible = 0;
			defaultConfigurationName = Release;
		};
/* End XCConfigurationList section */

/* Begin XCRemoteSwiftPackageReference section */
		F358C77D2B49AE3000AB0AF4 /* XCRemoteSwiftPackageReference "firebase-ios-sdk" */ = {
			isa = XCRemoteSwiftPackageReference;
			repositoryURL = "https://github.com/firebase/firebase-ios-sdk";
			requirement = {
				kind = upToNextMajorVersion;
				minimumVersion = 10.19.1;
			};
		};
/* End XCRemoteSwiftPackageReference section */

/* Begin XCSwiftPackageProductDependency section */
		F358C77E2B49AE3000AB0AF4 /* FirebaseAnalytics */ = {
			isa = XCSwiftPackageProductDependency;
			package = F358C77D2B49AE3000AB0AF4 /* XCRemoteSwiftPackageReference "firebase-ios-sdk" */;
			productName = FirebaseAnalytics;
		};
		F358C7802B49AE3000AB0AF4 /* FirebaseAuth */ = {
			isa = XCSwiftPackageProductDependency;
			package = F358C77D2B49AE3000AB0AF4 /* XCRemoteSwiftPackageReference "firebase-ios-sdk" */;
			productName = FirebaseAuth;
		};
		F358C7822B49AE3000AB0AF4 /* FirebaseCrashlytics */ = {
			isa = XCSwiftPackageProductDependency;
			package = F358C77D2B49AE3000AB0AF4 /* XCRemoteSwiftPackageReference "firebase-ios-sdk" */;
			productName = FirebaseCrashlytics;
		};
		F358C7842B49AE3000AB0AF4 /* FirebaseDatabase */ = {
			isa = XCSwiftPackageProductDependency;
			package = F358C77D2B49AE3000AB0AF4 /* XCRemoteSwiftPackageReference "firebase-ios-sdk" */;
			productName = FirebaseDatabase;
		};
		F358C7862B49AE3000AB0AF4 /* FirebaseDatabaseSwift */ = {
			isa = XCSwiftPackageProductDependency;
			package = F358C77D2B49AE3000AB0AF4 /* XCRemoteSwiftPackageReference "firebase-ios-sdk" */;
			productName = FirebaseDatabaseSwift;
		};
		F358C7882B49AE3000AB0AF4 /* FirebaseFirestore */ = {
			isa = XCSwiftPackageProductDependency;
			package = F358C77D2B49AE3000AB0AF4 /* XCRemoteSwiftPackageReference "firebase-ios-sdk" */;
			productName = FirebaseFirestore;
		};
		F358C78A2B49AE3000AB0AF4 /* FirebaseStorage */ = {
			isa = XCSwiftPackageProductDependency;
			package = F358C77D2B49AE3000AB0AF4 /* XCRemoteSwiftPackageReference "firebase-ios-sdk" */;
			productName = FirebaseStorage;
		};
/* End XCSwiftPackageProductDependency section */
	};
	rootObject = F358C75C2B49AD5C00AB0AF4 /* Project object */;
}
